{
  "name": "agent-hive",
  "version": "0.1.0",
  "lockfileVersion": 3,
  "requires": true,
  "packages": {
    "": {
      "name": "agent-hive",
      "version": "0.1.0",
      "license": "MIT",
      "workspaces": [
        "plugins/*"
      ],
      "engines": {
        "node": ">=22"
      }
    },
    "node_modules/agent-hive-plugin": {
      "resolved": "plugins/agent-hive",
      "link": true
    },
    "plugins/agent-hive": {
      "name": "agent-hive-plugin",
      "version": "0.1.0",
      "license": "MIT",
      "engines": {
        "node": ">=22"
      }
    }
  }
}
