{
  "name": "multi-agent-sdlc-crew",
  "version": "0.1.0",
  "lockfileVersion": 3,
  "requires": true,
  "packages": {
    "": {
      "name": "multi-agent-sdlc-crew",
      "version": "0.1.0",
      "license": "MIT",
      "workspaces": [
        "plugins/*"
      ],
      "engines": {
        "node": ">=22"
      }
    },
    "node_modules/multi-agent-sdlc-crew-plugin": {
      "resolved": "plugins/multi-agent-sdlc-crew",
      "link": true
    },
    "plugins/multi-agent-sdlc-crew": {
      "name": "multi-agent-sdlc-crew-plugin",
      "version": "0.1.0",
      "license": "MIT",
      "engines": {
        "node": ">=22"
      }
    }
  }
}
